
Microsoft Visual Studio Solution File, Format Version 12.00
# Visual Studio Version 17
VisualStudioVersion = 17.14.36518.9 d17.14
MinimumVisualStudioVersion = 10.0.40219.1
Project("{FAE04EC0-301F-11D3-BF4B-00C04F79EFBC}") = "LegibleBossfights", "LegibleBossfights.csproj", "{B36F2C5B-C682-4925-4DAF-8F0944F1AA2E}"
EndProject
Global
	GlobalSection(SolutionConfigurationPlatforms) = preSolution
		Debug|Any CPU = Debug|Any CPU
		Release|Any CPU = Release|Any CPU
	EndGlobalSection
	GlobalSection(ProjectConfigurationPlatforms) = postSolution
		{B36F2C5B-C682-4925-4DAF-8F0944F1AA2E}.Debug|Any CPU.ActiveCfg = Debug|Any CPU
		{B36F2C5B-C682-4925-4DAF-8F0944F1AA2E}.Debug|Any CPU.Build.0 = Debug|Any CPU
		{B36F2C5B-C682-4925-4DAF-8F0944F1AA2E}.Release|Any CPU.ActiveCfg = Release|Any CPU
		{B36F2C5B-C682-4925-4DAF-8F0944F1AA2E}.Release|Any CPU.Build.0 = Release|Any CPU
	EndGlobalSection
	GlobalSection(SolutionProperties) = preSolution
		HideSolutionNode = FALSE
	EndGlobalSection
	GlobalSection(ExtensibilityGlobals) = postSolution
		SolutionGuid = {288817C5-F4FC-4904-96D7-C3CEA6565B43}
	EndGlobalSection
EndGlobal
